
Microsoft Visual Studio Solution File, Format Version 12.00
# Visual Studio Version 17
VisualStudioVersion = 17.8.34511.84
MinimumVisualStudioVersion = 10.0.40219.1
Project("{FAE04EC0-301F-11D3-BF4B-00C04F79EFBC}") = "PS02_05", "PS02_05\PS02_05.csproj", "{CF005F48-259D-4724-8B02-8B0C30BEF1D8}"
EndProject
Global
	GlobalSection(SolutionConfigurationPlatforms) = preSolution
		Debug|Any CPU = Debug|Any CPU
		Release|Any CPU = Release|Any CPU
	EndGlobalSection
	GlobalSection(ProjectConfigurationPlatforms) = postSolution
		{CF005F48-259D-4724-8B02-8B0C30BEF1D8}.Debug|Any CPU.ActiveCfg = Debug|Any CPU
		{CF005F48-259D-4724-8B02-8B0C30BEF1D8}.Debug|Any CPU.Build.0 = Debug|Any CPU
		{CF005F48-259D-4724-8B02-8B0C30BEF1D8}.Release|Any CPU.ActiveCfg = Release|Any CPU
		{CF005F48-259D-4724-8B02-8B0C30BEF1D8}.Release|Any CPU.Build.0 = Release|Any CPU
	EndGlobalSection
	GlobalSection(SolutionProperties) = preSolution
		HideSolutionNode = FALSE
	EndGlobalSection
	GlobalSection(ExtensibilityGlobals) = postSolution
		SolutionGuid = {D9853507-51DF-4951-B25B-9A433C30C7EC}
	EndGlobalSection
EndGlobal
