
Microsoft Visual Studio Solution File, Format Version 12.00
# Visual Studio Version 17
VisualStudioVersion = 17.8.34511.84
MinimumVisualStudioVersion = 10.0.40219.1
Project("{FAE04EC0-301F-11D3-BF4B-00C04F79EFBC}") = "PS02_04", "PS02_04\PS02_04.csproj", "{B86E3ACA-0370-4C13-967C-4D90231830CC}"
EndProject
Global
	GlobalSection(SolutionConfigurationPlatforms) = preSolution
		Debug|Any CPU = Debug|Any CPU
		Release|Any CPU = Release|Any CPU
	EndGlobalSection
	GlobalSection(ProjectConfigurationPlatforms) = postSolution
		{B86E3ACA-0370-4C13-967C-4D90231830CC}.Debug|Any CPU.ActiveCfg = Debug|Any CPU
		{B86E3ACA-0370-4C13-967C-4D90231830CC}.Debug|Any CPU.Build.0 = Debug|Any CPU
		{B86E3ACA-0370-4C13-967C-4D90231830CC}.Release|Any CPU.ActiveCfg = Release|Any CPU
		{B86E3ACA-0370-4C13-967C-4D90231830CC}.Release|Any CPU.Build.0 = Release|Any CPU
	EndGlobalSection
	GlobalSection(SolutionProperties) = preSolution
		HideSolutionNode = FALSE
	EndGlobalSection
	GlobalSection(ExtensibilityGlobals) = postSolution
		SolutionGuid = {A20F5A63-8D2F-475A-9903-4B1550110877}
	EndGlobalSection
EndGlobal
