
Microsoft Visual Studio Solution File, Format Version 12.00
# Visual Studio Version 17
VisualStudioVersion = 17.8.34511.84
MinimumVisualStudioVersion = 10.0.40219.1
Project("{FAE04EC0-301F-11D3-BF4B-00C04F79EFBC}") = "PS02_03", "PS02_03\PS02_03.csproj", "{675BC73B-1B0A-4A13-ABE5-5B1B57EFA822}"
EndProject
Global
	GlobalSection(SolutionConfigurationPlatforms) = preSolution
		Debug|Any CPU = Debug|Any CPU
		Release|Any CPU = Release|Any CPU
	EndGlobalSection
	GlobalSection(ProjectConfigurationPlatforms) = postSolution
		{675BC73B-1B0A-4A13-ABE5-5B1B57EFA822}.Debug|Any CPU.ActiveCfg = Debug|Any CPU
		{675BC73B-1B0A-4A13-ABE5-5B1B57EFA822}.Debug|Any CPU.Build.0 = Debug|Any CPU
		{675BC73B-1B0A-4A13-ABE5-5B1B57EFA822}.Release|Any CPU.ActiveCfg = Release|Any CPU
		{675BC73B-1B0A-4A13-ABE5-5B1B57EFA822}.Release|Any CPU.Build.0 = Release|Any CPU
	EndGlobalSection
	GlobalSection(SolutionProperties) = preSolution
		HideSolutionNode = FALSE
	EndGlobalSection
	GlobalSection(ExtensibilityGlobals) = postSolution
		SolutionGuid = {D6E05D28-450B-49D5-B15F-5CAE8B25E1D3}
	EndGlobalSection
EndGlobal
